# THIS IS AN AUTOGENERATED FILE. DO NOT EDIT THIS FILE DIRECTLY.
# yarn lockfile v1


babel-runtime@^6.18.0:
  version "6.26.0"
  resolved "https://registry.yarnpkg.com/babel-runtime/-/babel-runtime-6.26.0.tgz#965c7058668e82b55d7bfe04ff2337bc8b5647fe"
  dependencies:
    core-js "^2.4.0"
    regenerator-runtime "^0.11.0"

bluebird@^3.5.1:
  version "3.5.1"
  resolved "https://registry.yarnpkg.com/bluebird/-/bluebird-3.5.1.tgz#d9551f9de98f1fcda1e683d17ee91a0602ee2eb9"

core-js@^2.4.0:
  version "2.5.3"
  resolved "https://registry.yarnpkg.com/core-js/-/core-js-2.5.3.tgz#8acc38345824f16d8365b7c9b4259168e8ed603e"

lodash@^4.17.4:
  version "4.17.4"
  resolved "https://registry.yarnpkg.com/lodash/-/lodash-4.17.4.tgz#78203a4d1c328ae1d86dca6460e369b57f4055ae"

neo4j-driver@^1.5.1:
  version "1.5.1"
  resolved "https://registry.yarnpkg.com/neo4j-driver/-/neo4j-driver-1.5.1.tgz#54679dc467fde957fb7c8f0553cd5f8cc98e0531"
  dependencies:
    babel-runtime "^6.18.0"

regenerator-runtime@^0.11.0:
  version "0.11.1"
  resolved "https://registry.yarnpkg.com/regenerator-runtime/-/regenerator-runtime-0.11.1.tgz#be05ad7f9bf7d22e056f9726cee5017fbf19e2e9"

tonal-array@^1.1.0:
  version "1.1.0"
  resolved "https://registry.yarnpkg.com/tonal-array/-/tonal-array-1.1.0.tgz#4a9df7804a242ae25044c8d8b6662e9908a0aff5"
  dependencies:
    tonal-note "^1.1.0"

tonal-chord@^1.1.0:
  version "1.1.0"
  resolved "https://registry.yarnpkg.com/tonal-chord/-/tonal-chord-1.1.0.tgz#13401241585577f75267b88b61b1e586eb6c6797"
  dependencies:
    tonal-dictionary "^1.1.0"
    tonal-distance "^1.1.0"
    tonal-note "^1.1.0"
    tonal-pcset "^1.1.0"

tonal-dictionary@^1.1.0:
  version "1.1.0"
  resolved "https://registry.yarnpkg.com/tonal-dictionary/-/tonal-dictionary-1.1.0.tgz#0a595ebdecd45031d3b2dca8d54e28b0d91dfb01"
  dependencies:
    tonal-array "^1.1.0"
    tonal-note "^1.1.0"
    tonal-pcset "^1.1.0"

tonal-distance@^1.1.0:
  version "1.1.0"
  resolved "https://registry.yarnpkg.com/tonal-distance/-/tonal-distance-1.1.0.tgz#421b82fd5c94aa792eb2c44b85a70632a8417c32"
  dependencies:
    tonal-interval "^1.1.0"
    tonal-note "^1.1.0"

tonal-interval@^1.1.0:
  version "1.1.0"
  resolved "https://registry.yarnpkg.com/tonal-interval/-/tonal-interval-1.1.0.tgz#31427baca2690e93aea97a6254e78bdefa24bcf7"

tonal-key@^1.1.0:
  version "1.1.0"
  resolved "https://registry.yarnpkg.com/tonal-key/-/tonal-key-1.1.0.tgz#162672bd06cca7106730f650eb6a84a814f014fc"
  dependencies:
    tonal-array "^1.1.0"
    tonal-distance "^1.1.0"
    tonal-note "^1.1.0"

tonal-note@^1.1.0:
  version "1.1.0"
  resolved "https://registry.yarnpkg.com/tonal-note/-/tonal-note-1.1.0.tgz#5c53cb229534bba5ce122399b72f66643dc607e6"

tonal-pcset@^1.1.0:
  version "1.1.0"
  resolved "https://registry.yarnpkg.com/tonal-pcset/-/tonal-pcset-1.1.0.tgz#9e3ce9d535a664813c17393314950a9647ddb041"
  dependencies:
    tonal-array "^1.1.0"
    tonal-interval "^1.1.0"
    tonal-note "^1.1.0"

tonal-scale@^1.1.0:
  version "1.1.0"
  resolved "https://registry.yarnpkg.com/tonal-scale/-/tonal-scale-1.1.0.tgz#76926068c5d9e6b70f11f6401a611f0f7667e1f4"
  dependencies:
    tonal-array "^1.1.0"
    tonal-dictionary "^1.1.0"
    tonal-distance "^1.1.0"
    tonal-note "^1.1.0"
    tonal-pcset "^1.1.0"

tonal@^1.1.0:
  version "1.1.0"
  resolved "https://registry.yarnpkg.com/tonal/-/tonal-1.1.0.tgz#1aaf36d61c3cc9ceef3fef0db2c61bb5cb020085"
  dependencies:
    tonal-array "^1.1.0"
    tonal-chord "^1.1.0"
    tonal-dictionary "^1.1.0"
    tonal-distance "^1.1.0"
    tonal-interval "^1.1.0"
    tonal-key "^1.1.0"
    tonal-note "^1.1.0"
    tonal-pcset "^1.1.0"
    tonal-scale "^1.1.0"
